// !$*UTF8*$!
{
	archiveVersion = 1;
	classes = {
	};
	objectVersion = 46;
	objects = {

/* Begin PBXBuildFile section */
		1A2BC839207DC31C1FCA89EA /* libPods.a in Frameworks */ = {isa = PBXBuildFile; fileRef = F28722B11D1DA9BB1D4B8FC8 /* libPods.a */; };
		4AD75AD41B8C6FA600E326AC /* libxml2.dylib in Frameworks */ = {isa = PBXBuildFile; fileRef = 4AD75AD31B8C6FA600E326AC /* libxml2.dylib */; };
		70CE838D1B560F98009B912A /* main.m in Sources */ = {isa = PBXBuildFile; fileRef = 70CE838C1B560F98009B912A /* main.m */; };
		70CE83901B560F98009B912A /* AppDelegate.m in Sources */ = {isa = PBXBuildFile; fileRef = 70CE838F1B560F98009B912A /* AppDelegate.m */; };
		70CE83931B560F98009B912A /* ViewController.m in Sources */ = {isa = PBXBuildFile; fileRef = 70CE83921B560F98009B912A /* ViewController.m */; };
		70CE83961B560F98009B912A /* Main.storyboard in Resources */ = {isa = PBXBuildFile; fileRef = 70CE83941B560F98009B912A /* Main.storyboard */; };
		70CE83981B560F98009B912A /* Images.xcassets in Resources */ = {isa = PBXBuildFile; fileRef = 70CE83971B560F98009B912A /* Images.xcassets */; };
		70CE839B1B560F98009B912A /* LaunchScreen.xib in Resources */ = {isa = PBXBuildFile; fileRef = 70CE83991B560F98009B912A /* LaunchScreen.xib */; };
		70CE83A71B560F98009B912A /* _9____AFNTests.m in Sources */ = {isa = PBXBuildFile; fileRef = 70CE83A61B560F98009B912A /* _9____AFNTests.m */; };
		70CE83B21B564392009B912A /* Reachability.m in Sources */ = {isa = PBXBuildFile; fileRef = 70CE83B11B564392009B912A /* Reachability.m */; };
/* End PBXBuildFile section */

/* Begin PBXContainerItemProxy section */
		70CE83A11B560F98009B912A /* PBXContainerItemProxy */ = {
			isa = PBXContainerItemProxy;
			containerPortal = 70CE837F1B560F98009B912A /* Project object */;
			proxyType = 1;
			remoteGlobalIDString = 70CE83861B560F98009B912A;
			remoteInfo = "09-掌握-AFN";
		};
/* End PBXContainerItemProxy section */

/* Begin PBXFileReference section */
		4AD75AD31B8C6FA600E326AC /* libxml2.dylib */ = {isa = PBXFileReference; lastKnownFileType = "compiled.mach-o.dylib"; name = libxml2.dylib; path = usr/lib/libxml2.dylib; sourceTree = SDKROOT; };
		70CE83871B560F98009B912A /* 09-掌握-AFN.app */ = {isa = PBXFileReference; explicitFileType = wrapper.application; includeInIndex = 0; path = "09-掌握-AFN.app"; sourceTree = BUILT_PRODUCTS_DIR; };
		70CE838B1B560F98009B912A /* Info.plist */ = {isa = PBXFileReference; lastKnownFileType = text.plist.xml; path = Info.plist; sourceTree = "<group>"; };
		70CE838C1B560F98009B912A /* main.m */ = {isa = PBXFileReference; lastKnownFileType = sourcecode.c.objc; path = main.m; sourceTree = "<group>"; };
		70CE838E1B560F98009B912A /* AppDelegate.h */ = {isa = PBXFileReference; lastKnownFileType = sourcecode.c.h; path = AppDelegate.h; sourceTree = "<group>"; };
		70CE838F1B560F98009B912A /* AppDelegate.m */ = {isa = PBXFileReference; lastKnownFileType = sourcecode.c.objc; path = AppDelegate.m; sourceTree = "<group>"; };
		70CE83911B560F98009B912A /* ViewController.h */ = {isa = PBXFileReference; lastKnownFileType = sourcecode.c.h; path = ViewController.h; sourceTree = "<group>"; };
		70CE83921B560F98009B912A /* ViewController.m */ = {isa = PBXFileReference; lastKnownFileType = sourcecode.c.objc; path = ViewController.m; sourceTree = "<group>"; };
		70CE83951B560F98009B912A /* Base */ = {isa = PBXFileReference; lastKnownFileType = file.storyboard; name = Base; path = Base.lproj/Main.storyboard; sourceTree = "<group>"; };
		70CE83971B560F98009B912A /* Images.xcassets */ = {isa = PBXFileReference; lastKnownFileType = folder.assetcatalog; path = Images.xcassets; sourceTree = "<group>"; };
		70CE839A1B560F98009B912A /* Base */ = {isa = PBXFileReference; lastKnownFileType = file.xib; name = Base; path = Base.lproj/LaunchScreen.xib; sourceTree = "<group>"; };
		70CE83A01B560F98009B912A /* 09-掌握-AFNTests.xctest */ = {isa = PBXFileReference; explicitFileType = wrapper.cfbundle; includeInIndex = 0; path = "09-掌握-AFNTests.xctest"; sourceTree = BUILT_PRODUCTS_DIR; };
		70CE83A51B560F98009B912A /* Info.plist */ = {isa = PBXFileReference; lastKnownFileType = text.plist.xml; path = Info.plist; sourceTree = "<group>"; };
		70CE83A61B560F98009B912A /* _9____AFNTests.m */ = {isa = PBXFileReference; lastKnownFileType = sourcecode.c.objc; path = "_9____AFNTests.m"; sourceTree = "<group>"; };
		70CE83B01B564392009B912A /* Reachability.h */ = {isa = PBXFileReference; fileEncoding = 4; lastKnownFileType = sourcecode.c.h; path = Reachability.h; sourceTree = "<group>"; };
		70CE83B11B564392009B912A /* Reachability.m */ = {isa = PBXFileReference; fileEncoding = 4; lastKnownFileType = sourcecode.c.objc; path = Reachability.m; sourceTree = "<group>"; };
		7528D6018754E8D97BD0D04B /* Pods.release.xcconfig */ = {isa = PBXFileReference; includeInIndex = 1; lastKnownFileType = text.xcconfig; name = Pods.release.xcconfig; path = "Pods/Target Support Files/Pods/Pods.release.xcconfig"; sourceTree = "<group>"; };
		CB6260851DA1CBAA8904EFA2 /* Pods.debug.xcconfig */ = {isa = PBXFileReference; includeInIndex = 1; lastKnownFileType = text.xcconfig; name = Pods.debug.xcconfig; path = "Pods/Target Support Files/Pods/Pods.debug.xcconfig"; sourceTree = "<group>"; };
		F28722B11D1DA9BB1D4B8FC8 /* libPods.a */ = {isa = PBXFileReference; explicitFileType = archive.ar; includeInIndex = 0; path = libPods.a; sourceTree = BUILT_PRODUCTS_DIR; };
/* End PBXFileReference section */

/* Begin PBXFrameworksBuildPhase section */
		70CE83841B560F98009B912A /* Frameworks */ = {
			isa = PBXFrameworksBuildPhase;
			buildActionMask = 2147483647;
			files = (
				4AD75AD41B8C6FA600E326AC /* libxml2.dylib in Frameworks */,
				1A2BC839207DC31C1FCA89EA /* libPods.a in Frameworks */,
			);
			runOnlyForDeploymentPostprocessing = 0;
		};
		70CE839D1B560F98009B912A /* Frameworks */ = {
			isa = PBXFrameworksBuildPhase;
			buildActionMask = 2147483647;
			files = (
			);
			runOnlyForDeploymentPostprocessing = 0;
		};
/* End PBXFrameworksBuildPhase section */

/* Begin PBXGroup section */
		0208F8E9AB77FD533433BF8D /* Pods */ = {
			isa = PBXGroup;
			children = (
				CB6260851DA1CBAA8904EFA2 /* Pods.debug.xcconfig */,
				7528D6018754E8D97BD0D04B /* Pods.release.xcconfig */,
			);
			name = Pods;
			sourceTree = "<group>";
		};
		20BF2C613CA37A275DBEC6BD /* Frameworks */ = {
			isa = PBXGroup;
			children = (
				4AD75AD31B8C6FA600E326AC /* libxml2.dylib */,
				F28722B11D1DA9BB1D4B8FC8 /* libPods.a */,
			);
			name = Frameworks;
			sourceTree = "<group>";
		};
		70CE837E1B560F98009B912A = {
			isa = PBXGroup;
			children = (
				70CE83891B560F98009B912A /* 09-掌握-AFN */,
				70CE83A31B560F98009B912A /* 09-掌握-AFNTests */,
				70CE83881B560F98009B912A /* Products */,
				0208F8E9AB77FD533433BF8D /* Pods */,
				20BF2C613CA37A275DBEC6BD /* Frameworks */,
			);
			sourceTree = "<group>";
		};
		70CE83881B560F98009B912A /* Products */ = {
			isa = PBXGroup;
			children = (
				70CE83871B560F98009B912A /* 09-掌握-AFN.app */,
				70CE83A01B560F98009B912A /* 09-掌握-AFNTests.xctest */,
			);
			name = Products;
			sourceTree = "<group>";
		};
		70CE83891B560F98009B912A /* 09-掌握-AFN */ = {
			isa = PBXGroup;
			children = (
				70CE83B01B564392009B912A /* Reachability.h */,
				70CE83B11B564392009B912A /* Reachability.m */,
				70CE838E1B560F98009B912A /* AppDelegate.h */,
				70CE838F1B560F98009B912A /* AppDelegate.m */,
				70CE83911B560F98009B912A /* ViewController.h */,
				70CE83921B560F98009B912A /* ViewController.m */,
				70CE83941B560F98009B912A /* Main.storyboard */,
				70CE83971B560F98009B912A /* Images.xcassets */,
				70CE83991B560F98009B912A /* LaunchScreen.xib */,
				70CE838A1B560F98009B912A /* Supporting Files */,
			);
			path = "09-掌握-AFN";
			sourceTree = "<group>";
		};
		70CE838A1B560F98009B912A /* Supporting Files */ = {
			isa = PBXGroup;
			children = (
				70CE838B1B560F98009B912A /* Info.plist */,
				70CE838C1B560F98009B912A /* main.m */,
			);
			name = "Supporting Files";
			sourceTree = "<group>";
		};
		70CE83A31B560F98009B912A /* 09-掌握-AFNTests */ = {
			isa = PBXGroup;
			children = (
				70CE83A61B560F98009B912A /* _9____AFNTests.m */,
				70CE83A41B560F98009B912A /* Supporting Files */,
			);
			path = "09-掌握-AFNTests";
			sourceTree = "<group>";
		};
		70CE83A41B560F98009B912A /* Supporting Files */ = {
			isa = PBXGroup;
			children = (
				70CE83A51B560F98009B912A /* Info.plist */,
			);
			name = "Supporting Files";
			sourceTree = "<group>";
		};
/* End PBXGroup section */

/* Begin PBXNativeTarget section */
		70CE83861B560F98009B912A /* 09-掌握-AFN */ = {
			isa = PBXNativeTarget;
			buildConfigurationList = 70CE83AA1B560F98009B912A /* Build configuration list for PBXNativeTarget "09-掌握-AFN" */;
			buildPhases = (
				8014A11BC4C59C6DCDC0196A /* Check Pods Manifest.lock */,
				70CE83831B560F98009B912A /* Sources */,
				70CE83841B560F98009B912A /* Frameworks */,
				70CE83851B560F98009B912A /* Resources */,
				90AEAEEE9A78E203F24F2611 /* Copy Pods Resources */,
			);
			buildRules = (
			);
			dependencies = (
			);
			name = "09-掌握-AFN";
			productName = "09-掌握-AFN";
			productReference = 70CE83871B560F98009B912A /* 09-掌握-AFN.app */;
			productType = "com.apple.product-type.application";
		};
		70CE839F1B560F98009B912A /* 09-掌握-AFNTests */ = {
			isa = PBXNativeTarget;
			buildConfigurationList = 70CE83AD1B560F98009B912A /* Build configuration list for PBXNativeTarget "09-掌握-AFNTests" */;
			buildPhases = (
				70CE839C1B560F98009B912A /* Sources */,
				70CE839D1B560F98009B912A /* Frameworks */,
				70CE839E1B560F98009B912A /* Resources */,
			);
			buildRules = (
			);
			dependencies = (
				70CE83A21B560F98009B912A /* PBXTargetDependency */,
			);
			name = "09-掌握-AFNTests";
			productName = "09-掌握-AFNTests";
			productReference = 70CE83A01B560F98009B912A /* 09-掌握-AFNTests.xctest */;
			productType = "com.apple.product-type.bundle.unit-test";
		};
/* End PBXNativeTarget section */

/* Begin PBXProject section */
		70CE837F1B560F98009B912A /* Project object */ = {
			isa = PBXProject;
			attributes = {
				LastUpgradeCheck = 0630;
				ORGANIZATIONNAME = "小码哥";
				TargetAttributes = {
					70CE83861B560F98009B912A = {
						CreatedOnToolsVersion = 6.3.2;
					};
					70CE839F1B560F98009B912A = {
						CreatedOnToolsVersion = 6.3.2;
						TestTargetID = 70CE83861B560F98009B912A;
					};
				};
			};
			buildConfigurationList = 70CE83821B560F98009B912A /* Build configuration list for PBXProject "09-掌握-AFN" */;
			compatibilityVersion = "Xcode 3.2";
			developmentRegion = English;
			hasScannedForEncodings = 0;
			knownRegions = (
				en,
				Base,
			);
			mainGroup = 70CE837E1B560F98009B912A;
			productRefGroup = 70CE83881B560F98009B912A /* Products */;
			projectDirPath = "";
			projectRoot = "";
			targets = (
				70CE83861B560F98009B912A /* 09-掌握-AFN */,
				70CE839F1B560F98009B912A /* 09-掌握-AFNTests */,
			);
		};
/* End PBXProject section */

/* Begin PBXResourcesBuildPhase section */
		70CE83851B560F98009B912A /* Resources */ = {
			isa = PBXResourcesBuildPhase;
			buildActionMask = 2147483647;
			files = (
				70CE83961B560F98009B912A /* Main.storyboard in Resources */,
				70CE839B1B560F98009B912A /* LaunchScreen.xib in Resources */,
				70CE83981B560F98009B912A /* Images.xcassets in Resources */,
			);
			runOnlyForDeploymentPostprocessing = 0;
		};
		70CE839E1B560F98009B912A /* Resources */ = {
			isa = PBXResourcesBuildPhase;
			buildActionMask = 2147483647;
			files = (
			);
			runOnlyForDeploymentPostprocessing = 0;
		};
/* End PBXResourcesBuildPhase section */

/* Begin PBXShellScriptBuildPhase section */
		8014A11BC4C59C6DCDC0196A /* Check Pods Manifest.lock */ = {
			isa = PBXShellScriptBuildPhase;
			buildActionMask = 2147483647;
			files = (
			);
			inputPaths = (
			);
			name = "Check Pods Manifest.lock";
			outputPaths = (
			);
			runOnlyForDeploymentPostprocessing = 0;
			shellPath = /bin/sh;
			shellScript = "diff \"${PODS_ROOT}/../Podfile.lock\" \"${PODS_ROOT}/Manifest.lock\" > /dev/null\nif [[ $? != 0 ]] ; then\n    cat << EOM\nerror: The sandbox is not in sync with the Podfile.lock. Run 'pod install' or update your CocoaPods installation.\nEOM\n    exit 1\nfi\n";
			showEnvVarsInLog = 0;
		};
		90AEAEEE9A78E203F24F2611 /* Copy Pods Resources */ = {
			isa = PBXShellScriptBuildPhase;
			buildActionMask = 2147483647;
			files = (
			);
			inputPaths = (
			);
			name = "Copy Pods Resources";
			outputPaths = (
			);
			runOnlyForDeploymentPostprocessing = 0;
			shellPath = /bin/sh;
			shellScript = "\"${SRCROOT}/Pods/Target Support Files/Pods/Pods-resources.sh\"\n";
			showEnvVarsInLog = 0;
		};
/* End PBXShellScriptBuildPhase section */

/* Begin PBXSourcesBuildPhase section */
		70CE83831B560F98009B912A /* Sources */ = {
			isa = PBXSourcesBuildPhase;
			buildActionMask = 2147483647;
			files = (
				70CE83931B560F98009B912A /* ViewController.m in Sources */,
				70CE83901B560F98009B912A /* AppDelegate.m in Sources */,
				70CE83B21B564392009B912A /* Reachability.m in Sources */,
				70CE838D1B560F98009B912A /* main.m in Sources */,
			);
			runOnlyForDeploymentPostprocessing = 0;
		};
		70CE839C1B560F98009B912A /* Sources */ = {
			isa = PBXSourcesBuildPhase;
			buildActionMask = 2147483647;
			files = (
				70CE83A71B560F98009B912A /* _9____AFNTests.m in Sources */,
			);
			runOnlyForDeploymentPostprocessing = 0;
		};
/* End PBXSourcesBuildPhase section */

/* Begin PBXTargetDependency section */
		70CE83A21B560F98009B912A /* PBXTargetDependency */ = {
			isa = PBXTargetDependency;
			target = 70CE83861B560F98009B912A /* 09-掌握-AFN */;
			targetProxy = 70CE83A11B560F98009B912A /* PBXContainerItemProxy */;
		};
/* End PBXTargetDependency section */

/* Begin PBXVariantGroup section */
		70CE83941B560F98009B912A /* Main.storyboard */ = {
			isa = PBXVariantGroup;
			children = (
				70CE83951B560F98009B912A /* Base */,
			);
			name = Main.storyboard;
			sourceTree = "<group>";
		};
		70CE83991B560F98009B912A /* LaunchScreen.xib */ = {
			isa = PBXVariantGroup;
			children = (
				70CE839A1B560F98009B912A /* Base */,
			);
			name = LaunchScreen.xib;
			sourceTree = "<group>";
		};
/* End PBXVariantGroup section */

/* Begin XCBuildConfiguration section */
		70CE83A81B560F98009B912A /* Debug */ = {
			isa = XCBuildConfiguration;
			buildSettings = {
				ALWAYS_SEARCH_USER_PATHS = NO;
				CLANG_CXX_LANGUAGE_STANDARD = "gnu++0x";
				CLANG_CXX_LIBRARY = "libc++";
				CLANG_ENABLE_MODULES = YES;
				CLANG_ENABLE_OBJC_ARC = YES;
				CLANG_WARN_BOOL_CONVERSION = YES;
				CLANG_WARN_CONSTANT_CONVERSION = YES;
				CLANG_WARN_DIRECT_OBJC_ISA_USAGE = YES_ERROR;
				CLANG_WARN_EMPTY_BODY = YES;
				CLANG_WARN_ENUM_CONVERSION = YES;
				CLANG_WARN_INT_CONVERSION = YES;
				CLANG_WARN_OBJC_ROOT_CLASS = YES_ERROR;
				CLANG_WARN_UNREACHABLE_CODE = YES;
				CLANG_WARN__DUPLICATE_METHOD_MATCH = YES;
				"CODE_SIGN_IDENTITY[sdk=iphoneos*]" = "iPhone Developer";
				COPY_PHASE_STRIP = NO;
				DEBUG_INFORMATION_FORMAT = "dwarf-with-dsym";
				ENABLE_STRICT_OBJC_MSGSEND = YES;
				GCC_C_LANGUAGE_STANDARD = gnu99;
				GCC_DYNAMIC_NO_PIC = NO;
				GCC_NO_COMMON_BLOCKS = YES;
				GCC_OPTIMIZATION_LEVEL = 0;
				GCC_PREPROCESSOR_DEFINITIONS = (
					"DEBUG=1",
					"$(inherited)",
				);
				GCC_SYMBOLS_PRIVATE_EXTERN = NO;
				GCC_WARN_64_TO_32_BIT_CONVERSION = YES;
				GCC_WARN_ABOUT_RETURN_TYPE = YES_ERROR;
				GCC_WARN_UNDECLARED_SELECTOR = YES;
				GCC_WARN_UNINITIALIZED_AUTOS = YES_AGGRESSIVE;
				GCC_WARN_UNUSED_FUNCTION = YES;
				GCC_WARN_UNUSED_VARIABLE = YES;
				IPHONEOS_DEPLOYMENT_TARGET = 8.3;
				MTL_ENABLE_DEBUG_INFO = YES;
				ONLY_ACTIVE_ARCH = YES;
				SDKROOT = iphoneos;
				TARGETED_DEVICE_FAMILY = "1,2";
			};
			name = Debug;
		};
		70CE83A91B560F98009B912A /* Release */ = {
			isa = XCBuildConfiguration;
			buildSettings = {
				ALWAYS_SEARCH_USER_PATHS = NO;
				CLANG_CXX_LANGUAGE_STANDARD = "gnu++0x";
				CLANG_CXX_LIBRARY = "libc++";
				CLANG_ENABLE_MODULES = YES;
				CLANG_ENABLE_OBJC_ARC = YES;
				CLANG_WARN_BOOL_CONVERSION = YES;
				CLANG_WARN_CONSTANT_CONVERSION = YES;
				CLANG_WARN_DIRECT_OBJC_ISA_USAGE = YES_ERROR;
				CLANG_WARN_EMPTY_BODY = YES;
				CLANG_WARN_ENUM_CONVERSION = YES;
				CLANG_WARN_INT_CONVERSION = YES;
				CLANG_WARN_OBJC_ROOT_CLASS = YES_ERROR;
				CLANG_WARN_UNREACHABLE_CODE = YES;
				CLANG_WARN__DUPLICATE_METHOD_MATCH = YES;
				"CODE_SIGN_IDENTITY[sdk=iphoneos*]" = "iPhone Developer";
				COPY_PHASE_STRIP = NO;
				DEBUG_INFORMATION_FORMAT = "dwarf-with-dsym";
				ENABLE_NS_ASSERTIONS = NO;
				ENABLE_STRICT_OBJC_MSGSEND = YES;
				GCC_C_LANGUAGE_STANDARD = gnu99;
				GCC_NO_COMMON_BLOCKS = YES;
				GCC_WARN_64_TO_32_BIT_CONVERSION = YES;
				GCC_WARN_ABOUT_RETURN_TYPE = YES_ERROR;
				GCC_WARN_UNDECLARED_SELECTOR = YES;
				GCC_WARN_UNINITIALIZED_AUTOS = YES_AGGRESSIVE;
				GCC_WARN_UNUSED_FUNCTION = YES;
				GCC_WARN_UNUSED_VARIABLE = YES;
				IPHONEOS_DEPLOYMENT_TARGET = 8.3;
				MTL_ENABLE_DEBUG_INFO = NO;
				SDKROOT = iphoneos;
				TARGETED_DEVICE_FAMILY = "1,2";
				VALIDATE_PRODUCT = YES;
			};
			name = Release;
		};
		70CE83AB1B560F98009B912A /* Debug */ = {
			isa = XCBuildConfiguration;
			baseConfigurationReference = CB6260851DA1CBAA8904EFA2 /* Pods.debug.xcconfig */;
			buildSettings = {
				ASSETCATALOG_COMPILER_APPICON_NAME = AppIcon;
				INFOPLIST_FILE = "09-掌握-AFN/Info.plist";
				LD_RUNPATH_SEARCH_PATHS = "$(inherited) @executable_path/Frameworks";
				PRODUCT_NAME = "$(TARGET_NAME)";
			};
			name = Debug;
		};
		70CE83AC1B560F98009B912A /* Release */ = {
			isa = XCBuildConfiguration;
			baseConfigurationReference = 7528D6018754E8D97BD0D04B /* Pods.release.xcconfig */;
			buildSettings = {
				ASSETCATALOG_COMPILER_APPICON_NAME = AppIcon;
				INFOPLIST_FILE = "09-掌握-AFN/Info.plist";
				LD_RUNPATH_SEARCH_PATHS = "$(inherited) @executable_path/Frameworks";
				PRODUCT_NAME = "$(TARGET_NAME)";
			};
			name = Release;
		};
		70CE83AE1B560F98009B912A /* Debug */ = {
			isa = XCBuildConfiguration;
			buildSettings = {
				BUNDLE_LOADER = "$(TEST_HOST)";
				FRAMEWORK_SEARCH_PATHS = (
					"$(SDKROOT)/Developer/Library/Frameworks",
					"$(inherited)",
				);
				GCC_PREPROCESSOR_DEFINITIONS = (
					"DEBUG=1",
					"$(inherited)",
				);
				INFOPLIST_FILE = "09-掌握-AFNTests/Info.plist";
				LD_RUNPATH_SEARCH_PATHS = "$(inherited) @executable_path/Frameworks @loader_path/Frameworks";
				PRODUCT_NAME = "$(TARGET_NAME)";
				TEST_HOST = "$(BUILT_PRODUCTS_DIR)/09-掌握-AFN.app/09-掌握-AFN";
			};
			name = Debug;
		};
		70CE83AF1B560F98009B912A /* Release */ = {
			isa = XCBuildConfiguration;
			buildSettings = {
				BUNDLE_LOADER = "$(TEST_HOST)";
				FRAMEWORK_SEARCH_PATHS = (
					"$(SDKROOT)/Developer/Library/Frameworks",
					"$(inherited)",
				);
				INFOPLIST_FILE = "09-掌握-AFNTests/Info.plist";
				LD_RUNPATH_SEARCH_PATHS = "$(inherited) @executable_path/Frameworks @loader_path/Frameworks";
				PRODUCT_NAME = "$(TARGET_NAME)";
				TEST_HOST = "$(BUILT_PRODUCTS_DIR)/09-掌握-AFN.app/09-掌握-AFN";
			};
			name = Release;
		};
/* End XCBuildConfiguration section */

/* Begin XCConfigurationList section */
		70CE83821B560F98009B912A /* Build configuration list for PBXProject "09-掌握-AFN" */ = {
			isa = XCConfigurationList;
			buildConfigurations = (
				70CE83A81B560F98009B912A /* Debug */,
				70CE83A91B560F98009B912A /* Release */,
			);
			defaultConfigurationIsVisible = 0;
			defaultConfigurationName = Release;
		};
		70CE83AA1B560F98009B912A /* Build configuration list for PBXNativeTarget "09-掌握-AFN" */ = {
			isa = XCConfigurationList;
			buildConfigurations = (
				70CE83AB1B560F98009B912A /* Debug */,
				70CE83AC1B560F98009B912A /* Release */,
			);
			defaultConfigurationIsVisible = 0;
			defaultConfigurationName = Release;
		};
		70CE83AD1B560F98009B912A /* Build configuration list for PBXNativeTarget "09-掌握-AFNTests" */ = {
			isa = XCConfigurationList;
			buildConfigurations = (
				70CE83AE1B560F98009B912A /* Debug */,
				70CE83AF1B560F98009B912A /* Release */,
			);
			defaultConfigurationIsVisible = 0;
			defaultConfigurationName = Release;
		};
/* End XCConfigurationList section */
	};
	rootObject = 70CE837F1B560F98009B912A /* Project object */;
}
